
Microsoft Visual Studio Solution File, Format Version 12.00
# Visual Studio 15
VisualStudioVersion = 15.0.26124.0
MinimumVisualStudioVersion = 15.0.26124.0
Project("{2150E333-8FDC-42A3-9474-1A3956D46DE8}") = "src", "src", "{7C279005-7602-4D27-AE37-821B6D0CF26D}"
EndProject
Project("{FAE04EC0-301F-11D3-BF4B-00C04F79EFBC}") = "UserAPI.Host", "src\UserAPI.Host\UserAPI.Host.csproj", "{29CA0268-4513-4A92-BF12-9C6697F3E1BC}"
EndProject
Project("{FAE04EC0-301F-11D3-BF4B-00C04F79EFBC}") = "UserAPI.Domain", "src\UserAPI.Domain\UserAPI.Domain.csproj", "{EFC47FE8-91A8-4603-8D9C-4ABED7F08A61}"
EndProject
Project("{FAE04EC0-301F-11D3-BF4B-00C04F79EFBC}") = "UserAPI.Application", "src\UserAPI.Application\UserAPI.Application.csproj", "{57FF6913-431B-4A87-BFB3-ED31D5EAD3DC}"
EndProject
Project("{FAE04EC0-301F-11D3-BF4B-00C04F79EFBC}") = "UserAPI.Infrastructure", "src\UserAPI.Infrastructure\UserAPI.Infrastructure.csproj", "{F674AC79-8A53-48CB-BD81-99BFED9A3D18}"
EndProject
Project("{FAE04EC0-301F-11D3-BF4B-00C04F79EFBC}") = "UserAPI.Contracts", "src\UserAPI.Contracts\UserAPI.Contracts.csproj", "{5F14C5E1-E134-4A7C-BD10-7DB8C68C24C4}"
EndProject
Project("{2150E333-8FDC-42A3-9474-1A3956D46DE8}") = "Infrastructure", "Infrastructure", "{0E07A9C8-3817-4A02-B2E9-7F7215E64101}"
EndProject
Global
	GlobalSection(SolutionConfigurationPlatforms) = preSolution
		Debug|Any CPU = Debug|Any CPU
		Debug|x64 = Debug|x64
		Debug|x86 = Debug|x86
		Release|Any CPU = Release|Any CPU
		Release|x64 = Release|x64
		Release|x86 = Release|x86
	EndGlobalSection
	GlobalSection(SolutionProperties) = preSolution
		HideSolutionNode = FALSE
	EndGlobalSection
	GlobalSection(ProjectConfigurationPlatforms) = postSolution
		{29CA0268-4513-4A92-BF12-9C6697F3E1BC}.Debug|Any CPU.ActiveCfg = Debug|Any CPU
		{29CA0268-4513-4A92-BF12-9C6697F3E1BC}.Debug|Any CPU.Build.0 = Debug|Any CPU
		{29CA0268-4513-4A92-BF12-9C6697F3E1BC}.Debug|x64.ActiveCfg = Debug|Any CPU
		{29CA0268-4513-4A92-BF12-9C6697F3E1BC}.Debug|x64.Build.0 = Debug|Any CPU
		{29CA0268-4513-4A92-BF12-9C6697F3E1BC}.Debug|x86.ActiveCfg = Debug|Any CPU
		{29CA0268-4513-4A92-BF12-9C6697F3E1BC}.Debug|x86.Build.0 = Debug|Any CPU
		{29CA0268-4513-4A92-BF12-9C6697F3E1BC}.Release|Any CPU.ActiveCfg = Release|Any CPU
		{29CA0268-4513-4A92-BF12-9C6697F3E1BC}.Release|Any CPU.Build.0 = Release|Any CPU
		{29CA0268-4513-4A92-BF12-9C6697F3E1BC}.Release|x64.ActiveCfg = Release|Any CPU
		{29CA0268-4513-4A92-BF12-9C6697F3E1BC}.Release|x64.Build.0 = Release|Any CPU
		{29CA0268-4513-4A92-BF12-9C6697F3E1BC}.Release|x86.ActiveCfg = Release|Any CPU
		{29CA0268-4513-4A92-BF12-9C6697F3E1BC}.Release|x86.Build.0 = Release|Any CPU
		{EFC47FE8-91A8-4603-8D9C-4ABED7F08A61}.Debug|Any CPU.ActiveCfg = Debug|Any CPU
		{EFC47FE8-91A8-4603-8D9C-4ABED7F08A61}.Debug|Any CPU.Build.0 = Debug|Any CPU
		{EFC47FE8-91A8-4603-8D9C-4ABED7F08A61}.Debug|x64.ActiveCfg = Debug|Any CPU
		{EFC47FE8-91A8-4603-8D9C-4ABED7F08A61}.Debug|x64.Build.0 = Debug|Any CPU
		{EFC47FE8-91A8-4603-8D9C-4ABED7F08A61}.Debug|x86.ActiveCfg = Debug|Any CPU
		{EFC47FE8-91A8-4603-8D9C-4ABED7F08A61}.Debug|x86.Build.0 = Debug|Any CPU
		{EFC47FE8-91A8-4603-8D9C-4ABED7F08A61}.Release|Any CPU.ActiveCfg = Release|Any CPU
		{EFC47FE8-91A8-4603-8D9C-4ABED7F08A61}.Release|Any CPU.Build.0 = Release|Any CPU
		{EFC47FE8-91A8-4603-8D9C-4ABED7F08A61}.Release|x64.ActiveCfg = Release|Any CPU
		{EFC47FE8-91A8-4603-8D9C-4ABED7F08A61}.Release|x64.Build.0 = Release|Any CPU
		{EFC47FE8-91A8-4603-8D9C-4ABED7F08A61}.Release|x86.ActiveCfg = Release|Any CPU
		{EFC47FE8-91A8-4603-8D9C-4ABED7F08A61}.Release|x86.Build.0 = Release|Any CPU
		{57FF6913-431B-4A87-BFB3-ED31D5EAD3DC}.Debug|Any CPU.ActiveCfg = Debug|Any CPU
		{57FF6913-431B-4A87-BFB3-ED31D5EAD3DC}.Debug|Any CPU.Build.0 = Debug|Any CPU
		{57FF6913-431B-4A87-BFB3-ED31D5EAD3DC}.Debug|x64.ActiveCfg = Debug|Any CPU
		{57FF6913-431B-4A87-BFB3-ED31D5EAD3DC}.Debug|x64.Build.0 = Debug|Any CPU
		{57FF6913-431B-4A87-BFB3-ED31D5EAD3DC}.Debug|x86.ActiveCfg = Debug|Any CPU
		{57FF6913-431B-4A87-BFB3-ED31D5EAD3DC}.Debug|x86.Build.0 = Debug|Any CPU
		{57FF6913-431B-4A87-BFB3-ED31D5EAD3DC}.Release|Any CPU.ActiveCfg = Release|Any CPU
		{57FF6913-431B-4A87-BFB3-ED31D5EAD3DC}.Release|Any CPU.Build.0 = Release|Any CPU
		{57FF6913-431B-4A87-BFB3-ED31D5EAD3DC}.Release|x64.ActiveCfg = Release|Any CPU
		{57FF6913-431B-4A87-BFB3-ED31D5EAD3DC}.Release|x64.Build.0 = Release|Any CPU
		{57FF6913-431B-4A87-BFB3-ED31D5EAD3DC}.Release|x86.ActiveCfg = Release|Any CPU
		{57FF6913-431B-4A87-BFB3-ED31D5EAD3DC}.Release|x86.Build.0 = Release|Any CPU
		{F674AC79-8A53-48CB-BD81-99BFED9A3D18}.Debug|Any CPU.ActiveCfg = Debug|Any CPU
		{F674AC79-8A53-48CB-BD81-99BFED9A3D18}.Debug|Any CPU.Build.0 = Debug|Any CPU
		{F674AC79-8A53-48CB-BD81-99BFED9A3D18}.Debug|x64.ActiveCfg = Debug|Any CPU
		{F674AC79-8A53-48CB-BD81-99BFED9A3D18}.Debug|x64.Build.0 = Debug|Any CPU
		{F674AC79-8A53-48CB-BD81-99BFED9A3D18}.Debug|x86.ActiveCfg = Debug|Any CPU
		{F674AC79-8A53-48CB-BD81-99BFED9A3D18}.Debug|x86.Build.0 = Debug|Any CPU
		{F674AC79-8A53-48CB-BD81-99BFED9A3D18}.Release|Any CPU.ActiveCfg = Release|Any CPU
		{F674AC79-8A53-48CB-BD81-99BFED9A3D18}.Release|Any CPU.Build.0 = Release|Any CPU
		{F674AC79-8A53-48CB-BD81-99BFED9A3D18}.Release|x64.ActiveCfg = Release|Any CPU
		{F674AC79-8A53-48CB-BD81-99BFED9A3D18}.Release|x64.Build.0 = Release|Any CPU
		{F674AC79-8A53-48CB-BD81-99BFED9A3D18}.Release|x86.ActiveCfg = Release|Any CPU
		{F674AC79-8A53-48CB-BD81-99BFED9A3D18}.Release|x86.Build.0 = Release|Any CPU
		{5F14C5E1-E134-4A7C-BD10-7DB8C68C24C4}.Debug|Any CPU.ActiveCfg = Debug|Any CPU
		{5F14C5E1-E134-4A7C-BD10-7DB8C68C24C4}.Debug|Any CPU.Build.0 = Debug|Any CPU
		{5F14C5E1-E134-4A7C-BD10-7DB8C68C24C4}.Debug|x64.ActiveCfg = Debug|Any CPU
		{5F14C5E1-E134-4A7C-BD10-7DB8C68C24C4}.Debug|x64.Build.0 = Debug|Any CPU
		{5F14C5E1-E134-4A7C-BD10-7DB8C68C24C4}.Debug|x86.ActiveCfg = Debug|Any CPU
		{5F14C5E1-E134-4A7C-BD10-7DB8C68C24C4}.Debug|x86.Build.0 = Debug|Any CPU
		{5F14C5E1-E134-4A7C-BD10-7DB8C68C24C4}.Release|Any CPU.ActiveCfg = Release|Any CPU
		{5F14C5E1-E134-4A7C-BD10-7DB8C68C24C4}.Release|Any CPU.Build.0 = Release|Any CPU
		{5F14C5E1-E134-4A7C-BD10-7DB8C68C24C4}.Release|x64.ActiveCfg = Release|Any CPU
		{5F14C5E1-E134-4A7C-BD10-7DB8C68C24C4}.Release|x64.Build.0 = Release|Any CPU
		{5F14C5E1-E134-4A7C-BD10-7DB8C68C24C4}.Release|x86.ActiveCfg = Release|Any CPU
		{5F14C5E1-E134-4A7C-BD10-7DB8C68C24C4}.Release|x86.Build.0 = Release|Any CPU
	EndGlobalSection
	GlobalSection(NestedProjects) = preSolution
		{29CA0268-4513-4A92-BF12-9C6697F3E1BC} = {7C279005-7602-4D27-AE37-821B6D0CF26D}
		{EFC47FE8-91A8-4603-8D9C-4ABED7F08A61} = {7C279005-7602-4D27-AE37-821B6D0CF26D}
		{57FF6913-431B-4A87-BFB3-ED31D5EAD3DC} = {7C279005-7602-4D27-AE37-821B6D0CF26D}
		{5F14C5E1-E134-4A7C-BD10-7DB8C68C24C4} = {7C279005-7602-4D27-AE37-821B6D0CF26D}
		{0E07A9C8-3817-4A02-B2E9-7F7215E64101} = {7C279005-7602-4D27-AE37-821B6D0CF26D}
		{F674AC79-8A53-48CB-BD81-99BFED9A3D18} = {0E07A9C8-3817-4A02-B2E9-7F7215E64101}
	EndGlobalSection
EndGlobal
